
Microsoft Visual Studio Solution File, Format Version 11.00
# Visual Studio 2010
Project("{FAE04EC0-301F-11D3-BF4B-00C04F79EFBC}") = "CookBook.Recipes.Core.CustomValidation", "CookBook.Recipes.Core.CustomValidation\CookBook.Recipes.Core.CustomValidation.csproj", "{4A7791AC-1415-4D91-AD8F-B57A2EB71769}"
EndProject
Project("{FAE04EC0-301F-11D3-BF4B-00C04F79EFBC}") = "CustomValidationApp", "CustomValidationApp\CustomValidationApp.csproj", "{BB1D578E-7E78-4864-AE91-32BD2F1E0113}"
	ProjectSection(ProjectDependencies) = postProject
		{4A7791AC-1415-4D91-AD8F-B57A2EB71769} = {4A7791AC-1415-4D91-AD8F-B57A2EB71769}
	EndProjectSection
EndProject
Global
	GlobalSection(SolutionConfigurationPlatforms) = preSolution
		Debug|Any CPU = Debug|Any CPU
		Debug|Mixed Platforms = Debug|Mixed Platforms
		Debug|x86 = Debug|x86
		Release|Any CPU = Release|Any CPU
		Release|Mixed Platforms = Release|Mixed Platforms
		Release|x86 = Release|x86
	EndGlobalSection
	GlobalSection(ProjectConfigurationPlatforms) = postSolution
		{4A7791AC-1415-4D91-AD8F-B57A2EB71769}.Debug|Any CPU.ActiveCfg = Debug|Any CPU
		{4A7791AC-1415-4D91-AD8F-B57A2EB71769}.Debug|Any CPU.Build.0 = Debug|Any CPU
		{4A7791AC-1415-4D91-AD8F-B57A2EB71769}.Debug|Mixed Platforms.ActiveCfg = Debug|Any CPU
		{4A7791AC-1415-4D91-AD8F-B57A2EB71769}.Debug|Mixed Platforms.Build.0 = Debug|Any CPU
		{4A7791AC-1415-4D91-AD8F-B57A2EB71769}.Debug|x86.ActiveCfg = Debug|Any CPU
		{4A7791AC-1415-4D91-AD8F-B57A2EB71769}.Release|Any CPU.ActiveCfg = Release|Any CPU
		{4A7791AC-1415-4D91-AD8F-B57A2EB71769}.Release|Any CPU.Build.0 = Release|Any CPU
		{4A7791AC-1415-4D91-AD8F-B57A2EB71769}.Release|Mixed Platforms.ActiveCfg = Release|Any CPU
		{4A7791AC-1415-4D91-AD8F-B57A2EB71769}.Release|Mixed Platforms.Build.0 = Release|Any CPU
		{4A7791AC-1415-4D91-AD8F-B57A2EB71769}.Release|x86.ActiveCfg = Release|Any CPU
		{BB1D578E-7E78-4864-AE91-32BD2F1E0113}.Debug|Any CPU.ActiveCfg = Debug|x86
		{BB1D578E-7E78-4864-AE91-32BD2F1E0113}.Debug|Mixed Platforms.ActiveCfg = Debug|x86
		{BB1D578E-7E78-4864-AE91-32BD2F1E0113}.Debug|Mixed Platforms.Build.0 = Debug|x86
		{BB1D578E-7E78-4864-AE91-32BD2F1E0113}.Debug|x86.ActiveCfg = Debug|x86
		{BB1D578E-7E78-4864-AE91-32BD2F1E0113}.Debug|x86.Build.0 = Debug|x86
		{BB1D578E-7E78-4864-AE91-32BD2F1E0113}.Release|Any CPU.ActiveCfg = Release|x86
		{BB1D578E-7E78-4864-AE91-32BD2F1E0113}.Release|Mixed Platforms.ActiveCfg = Release|x86
		{BB1D578E-7E78-4864-AE91-32BD2F1E0113}.Release|Mixed Platforms.Build.0 = Release|x86
		{BB1D578E-7E78-4864-AE91-32BD2F1E0113}.Release|x86.ActiveCfg = Release|x86
		{BB1D578E-7E78-4864-AE91-32BD2F1E0113}.Release|x86.Build.0 = Release|x86
	EndGlobalSection
	GlobalSection(SolutionProperties) = preSolution
		HideSolutionNode = FALSE
	EndGlobalSection
EndGlobal
